
Microsoft Visual Studio Solution File, Format Version 12.00
# Visual Studio 15
VisualStudioVersion = 15.0.28010.2016
MinimumVisualStudioVersion = 10.0.40219.1
Project("{FAE04EC0-301F-11D3-BF4B-00C04F79EFBC}") = "WinformExcelSqliteExample", "WinformExcelSqliteExample\WinformExcelSqliteExample.csproj", "{748D3C6A-20EE-41E3-AD37-199374097999}"
EndProject
Global
	GlobalSection(SolutionConfigurationPlatforms) = preSolution
		Debug|Any CPU = Debug|Any CPU
		Release|Any CPU = Release|Any CPU
	EndGlobalSection
	GlobalSection(ProjectConfigurationPlatforms) = postSolution
		{748D3C6A-20EE-41E3-AD37-199374097999}.Debug|Any CPU.ActiveCfg = Debug|Any CPU
		{748D3C6A-20EE-41E3-AD37-199374097999}.Debug|Any CPU.Build.0 = Debug|Any CPU
		{748D3C6A-20EE-41E3-AD37-199374097999}.Release|Any CPU.ActiveCfg = Release|Any CPU
		{748D3C6A-20EE-41E3-AD37-199374097999}.Release|Any CPU.Build.0 = Release|Any CPU
	EndGlobalSection
	GlobalSection(SolutionProperties) = preSolution
		HideSolutionNode = FALSE
	EndGlobalSection
	GlobalSection(ExtensibilityGlobals) = postSolution
		SolutionGuid = {CA77882E-5ECC-4792-98FB-706EA46B5D81}
	EndGlobalSection
EndGlobal
